// !$*UTF8*$!
{
	archiveVersion = 1;
	classes = {
	};
	objectVersion = 55;
	objects = {

/* Begin PBXBuildFile section */
		F537F87228A35F9200A71B6D /* main.m in Sources */ = {isa = PBXBuildFile; fileRef = F537F87128A35F9200A71B6D /* main.m */; };
		F537F87A28A3601200A71B6D /* Task3.m in Sources */ = {isa = PBXBuildFile; fileRef = F537F87928A3601200A71B6D /* Task3.m */; };
		F537F87D28A425E900A71B6D /* Task1.m in Sources */ = {isa = PBXBuildFile; fileRef = F537F87C28A425E900A71B6D /* Task1.m */; };
		F537F88028A5CE3F00A71B6D /* Task2.m in Sources */ = {isa = PBXBuildFile; fileRef = F537F87F28A5CE3F00A71B6D /* Task2.m */; };
/* End PBXBuildFile section */

/* Begin PBXCopyFilesBuildPhase section */
		F537F86C28A35F9200A71B6D /* CopyFiles */ = {
			isa = PBXCopyFilesBuildPhase;
			buildActionMask = 2147483647;
			dstPath = /usr/share/man/man1/;
			dstSubfolderSpec = 0;
			files = (
			);
			runOnlyForDeploymentPostprocessing = 1;
		};
/* End PBXCopyFilesBuildPhase section */

/* Begin PBXFileReference section */
		F5290AFE28AFB2400039FBCA /* README.md */ = {isa = PBXFileReference; lastKnownFileType = net.daringfireball.markdown; path = README.md; sourceTree = "<group>"; };
		F537F86E28A35F9200A71B6D /* BytedanceHomework */ = {isa = PBXFileReference; explicitFileType = "compiled.mach-o.executable"; includeInIndex = 0; path = BytedanceHomework; sourceTree = BUILT_PRODUCTS_DIR; };
		F537F87128A35F9200A71B6D /* main.m */ = {isa = PBXFileReference; lastKnownFileType = sourcecode.c.objc; path = main.m; sourceTree = "<group>"; };
		F537F87828A3601200A71B6D /* Task3.h */ = {isa = PBXFileReference; lastKnownFileType = sourcecode.c.h; path = Task3.h; sourceTree = "<group>"; };
		F537F87928A3601200A71B6D /* Task3.m */ = {isa = PBXFileReference; lastKnownFileType = sourcecode.c.objc; path = Task3.m; sourceTree = "<group>"; };
		F537F87B28A425E900A71B6D /* Task1.h */ = {isa = PBXFileReference; lastKnownFileType = sourcecode.c.h; path = Task1.h; sourceTree = "<group>"; };
		F537F87C28A425E900A71B6D /* Task1.m */ = {isa = PBXFileReference; lastKnownFileType = sourcecode.c.objc; path = Task1.m; sourceTree = "<group>"; };
		F537F87E28A5CE3F00A71B6D /* Task2.h */ = {isa = PBXFileReference; lastKnownFileType = sourcecode.c.h; path = Task2.h; sourceTree = "<group>"; };
		F537F87F28A5CE3F00A71B6D /* Task2.m */ = {isa = PBXFileReference; lastKnownFileType = sourcecode.c.objc; path = Task2.m; sourceTree = "<group>"; };
/* End PBXFileReference section */

/* Begin PBXFrameworksBuildPhase section */
		F537F86B28A35F9200A71B6D /* Frameworks */ = {
			isa = PBXFrameworksBuildPhase;
			buildActionMask = 2147483647;
			files = (
			);
			runOnlyForDeploymentPostprocessing = 0;
		};
/* End PBXFrameworksBuildPhase section */

/* Begin PBXGroup section */
		F537F86528A35F9200A71B6D = {
			isa = PBXGroup;
			children = (
				F5290AFE28AFB2400039FBCA /* README.md */,
				F537F87028A35F9200A71B6D /* BytedanceHomework */,
				F537F86F28A35F9200A71B6D /* Products */,
			);
			sourceTree = "<group>";
		};
		F537F86F28A35F9200A71B6D /* Products */ = {
			isa = PBXGroup;
			children = (
				F537F86E28A35F9200A71B6D /* BytedanceHomework */,
			);
			name = Products;
			sourceTree = "<group>";
		};
		F537F87028A35F9200A71B6D /* BytedanceHomework */ = {
			isa = PBXGroup;
			children = (
				F537F87128A35F9200A71B6D /* main.m */,
				F537F87E28A5CE3F00A71B6D /* Task2.h */,
				F537F87F28A5CE3F00A71B6D /* Task2.m */,
				F537F87B28A425E900A71B6D /* Task1.h */,
				F537F87C28A425E900A71B6D /* Task1.m */,
				F537F87828A3601200A71B6D /* Task3.h */,
				F537F87928A3601200A71B6D /* Task3.m */,
			);
			path = BytedanceHomework;
			sourceTree = "<group>";
		};
/* End PBXGroup section */

/* Begin PBXNativeTarget section */
		F537F86D28A35F9200A71B6D /* BytedanceHomework */ = {
			isa = PBXNativeTarget;
			buildConfigurationList = F537F87528A35F9200A71B6D /* Build configuration list for PBXNativeTarget "BytedanceHomework" */;
			buildPhases = (
				F537F86A28A35F9200A71B6D /* Sources */,
				F537F86B28A35F9200A71B6D /* Frameworks */,
				F537F86C28A35F9200A71B6D /* CopyFiles */,
			);
			buildRules = (
			);
			dependencies = (
			);
			name = BytedanceHomework;
			productName = BytedanceHomework;
			productReference = F537F86E28A35F9200A71B6D /* BytedanceHomework */;
			productType = "com.apple.product-type.tool";
		};
/* End PBXNativeTarget section */

/* Begin PBXProject section */
		F537F86628A35F9200A71B6D /* Project object */ = {
			isa = PBXProject;
			attributes = {
				BuildIndependentTargetsInParallel = 1;
				LastUpgradeCheck = 1330;
				TargetAttributes = {
					F537F86D28A35F9200A71B6D = {
						CreatedOnToolsVersion = 13.3.1;
					};
				};
			};
			buildConfigurationList = F537F86928A35F9200A71B6D /* Build configuration list for PBXProject "BytedanceHomework" */;
			compatibilityVersion = "Xcode 13.0";
			developmentRegion = en;
			hasScannedForEncodings = 0;
			knownRegions = (
				en,
				Base,
			);
			mainGroup = F537F86528A35F9200A71B6D;
			productRefGroup = F537F86F28A35F9200A71B6D /* Products */;
			projectDirPath = "";
			projectRoot = "";
			targets = (
				F537F86D28A35F9200A71B6D /* BytedanceHomework */,
			);
		};
/* End PBXProject section */

/* Begin PBXSourcesBuildPhase section */
		F537F86A28A35F9200A71B6D /* Sources */ = {
			isa = PBXSourcesBuildPhase;
			buildActionMask = 2147483647;
			files = (
				F537F87D28A425E900A71B6D /* Task1.m in Sources */,
				F537F87A28A3601200A71B6D /* Task3.m in Sources */,
				F537F87228A35F9200A71B6D /* main.m in Sources */,
				F537F88028A5CE3F00A71B6D /* Task2.m in Sources */,
			);
			runOnlyForDeploymentPostprocessing = 0;
		};
/* End PBXSourcesBuildPhase section */

/* Begin XCBuildConfiguration section */
		F537F87328A35F9200A71B6D /* Debug */ = {
			isa = XCBuildConfiguration;
			buildSettings = {
				ALWAYS_SEARCH_USER_PATHS = NO;
				CLANG_ANALYZER_NONNULL = YES;
				CLANG_ANALYZER_NUMBER_OBJECT_CONVERSION = YES_AGGRESSIVE;
				CLANG_CXX_LANGUAGE_STANDARD = "gnu++17";
				CLANG_ENABLE_MODULES = YES;
				CLANG_ENABLE_OBJC_ARC = YES;
				CLANG_ENABLE_OBJC_WEAK = YES;
				CLANG_WARN_BLOCK_CAPTURE_AUTORELEASING = YES;
				CLANG_WARN_BOOL_CONVERSION = YES;
				CLANG_WARN_COMMA = YES;
				CLANG_WARN_CONSTANT_CONVERSION = YES;
				CLANG_WARN_DEPRECATED_OBJC_IMPLEMENTATIONS = YES;
				CLANG_WARN_DIRECT_OBJC_ISA_USAGE = YES_ERROR;
				CLANG_WARN_DOCUMENTATION_COMMENTS = YES;
				CLANG_WARN_EMPTY_BODY = YES;
				CLANG_WARN_ENUM_CONVERSION = YES;
				CLANG_WARN_INFINITE_RECURSION = YES;
				CLANG_WARN_INT_CONVERSION = YES;
				CLANG_WARN_NON_LITERAL_NULL_CONVERSION = YES;
				CLANG_WARN_OBJC_IMPLICIT_RETAIN_SELF = YES;
				CLANG_WARN_OBJC_LITERAL_CONVERSION = YES;
				CLANG_WARN_OBJC_ROOT_CLASS = YES_ERROR;
				CLANG_WARN_QUOTED_INCLUDE_IN_FRAMEWORK_HEADER = YES;
				CLANG_WARN_RANGE_LOOP_ANALYSIS = YES;
				CLANG_WARN_STRICT_PROTOTYPES = YES;
				CLANG_WARN_SUSPICIOUS_MOVE = YES;
				CLANG_WARN_UNGUARDED_AVAILABILITY = YES_AGGRESSIVE;
				CLANG_WARN_UNREACHABLE_CODE = YES;
				CLANG_WARN__DUPLICATE_METHOD_MATCH = YES;
				COPY_PHASE_STRIP = NO;
				DEBUG_INFORMATION_FORMAT = dwarf;
				ENABLE_STRICT_OBJC_MSGSEND = YES;
				ENABLE_TESTABILITY = YES;
				GCC_C_LANGUAGE_STANDARD = gnu11;
				GCC_DYNAMIC_NO_PIC = NO;
				GCC_NO_COMMON_BLOCKS = YES;
				GCC_OPTIMIZATION_LEVEL = 0;
				GCC_PREPROCESSOR_DEFINITIONS = (
					"DEBUG=1",
					"$(inherited)",
				);
				GCC_WARN_64_TO_32_BIT_CONVERSION = YES;
				GCC_WARN_ABOUT_RETURN_TYPE = YES_ERROR;
				GCC_WARN_UNDECLARED_SELECTOR = YES;
				GCC_WARN_UNINITIALIZED_AUTOS = YES_AGGRESSIVE;
				GCC_WARN_UNUSED_FUNCTION = YES;
				GCC_WARN_UNUSED_VARIABLE = YES;
				MACOSX_DEPLOYMENT_TARGET = 12.3;
				MTL_ENABLE_DEBUG_INFO = INCLUDE_SOURCE;
				MTL_FAST_MATH = YES;
				ONLY_ACTIVE_ARCH = YES;
				SDKROOT = macosx;
			};
			name = Debug;
		};
		F537F87428A35F9200A71B6D /* Release */ = {
			isa = XCBuildConfiguration;
			buildSettings = {
				ALWAYS_SEARCH_USER_PATHS = NO;
				CLANG_ANALYZER_NONNULL = YES;
				CLANG_ANALYZER_NUMBER_OBJECT_CONVERSION = YES_AGGRESSIVE;
				CLANG_CXX_LANGUAGE_STANDARD = "gnu++17";
				CLANG_ENABLE_MODULES = YES;
				CLANG_ENABLE_OBJC_ARC = YES;
				CLANG_ENABLE_OBJC_WEAK = YES;
				CLANG_WARN_BLOCK_CAPTURE_AUTORELEASING = YES;
				CLANG_WARN_BOOL_CONVERSION = YES;
				CLANG_WARN_COMMA = YES;
				CLANG_WARN_CONSTANT_CONVERSION = YES;
				CLANG_WARN_DEPRECATED_OBJC_IMPLEMENTATIONS = YES;
				CLANG_WARN_DIRECT_OBJC_ISA_USAGE = YES_ERROR;
				CLANG_WARN_DOCUMENTATION_COMMENTS = YES;
				CLANG_WARN_EMPTY_BODY = YES;
				CLANG_WARN_ENUM_CONVERSION = YES;
				CLANG_WARN_INFINITE_RECURSION = YES;
				CLANG_WARN_INT_CONVERSION = YES;
				CLANG_WARN_NON_LITERAL_NULL_CONVERSION = YES;
				CLANG_WARN_OBJC_IMPLICIT_RETAIN_SELF = YES;
				CLANG_WARN_OBJC_LITERAL_CONVERSION = YES;
				CLANG_WARN_OBJC_ROOT_CLASS = YES_ERROR;
				CLANG_WARN_QUOTED_INCLUDE_IN_FRAMEWORK_HEADER = YES;
				CLANG_WARN_RANGE_LOOP_ANALYSIS = YES;
				CLANG_WARN_STRICT_PROTOTYPES = YES;
				CLANG_WARN_SUSPICIOUS_MOVE = YES;
				CLANG_WARN_UNGUARDED_AVAILABILITY = YES_AGGRESSIVE;
				CLANG_WARN_UNREACHABLE_CODE = YES;
				CLANG_WARN__DUPLICATE_METHOD_MATCH = YES;
				COPY_PHASE_STRIP = NO;
				DEBUG_INFORMATION_FORMAT = "dwarf-with-dsym";
				ENABLE_NS_ASSERTIONS = NO;
				ENABLE_STRICT_OBJC_MSGSEND = YES;
				GCC_C_LANGUAGE_STANDARD = gnu11;
				GCC_NO_COMMON_BLOCKS = YES;
				GCC_WARN_64_TO_32_BIT_CONVERSION = YES;
				GCC_WARN_ABOUT_RETURN_TYPE = YES_ERROR;
				GCC_WARN_UNDECLARED_SELECTOR = YES;
				GCC_WARN_UNINITIALIZED_AUTOS = YES_AGGRESSIVE;
				GCC_WARN_UNUSED_FUNCTION = YES;
				GCC_WARN_UNUSED_VARIABLE = YES;
				MACOSX_DEPLOYMENT_TARGET = 12.3;
				MTL_ENABLE_DEBUG_INFO = NO;
				MTL_FAST_MATH = YES;
				SDKROOT = macosx;
			};
			name = Release;
		};
		F537F87628A35F9200A71B6D /* Debug */ = {
			isa = XCBuildConfiguration;
			buildSettings = {
				CODE_SIGN_STYLE = Automatic;
				DEVELOPMENT_TEAM = XC5W5WJCHA;
				ENABLE_HARDENED_RUNTIME = YES;
				PRODUCT_NAME = "$(TARGET_NAME)";
			};
			name = Debug;
		};
		F537F87728A35F9200A71B6D /* Release */ = {
			isa = XCBuildConfiguration;
			buildSettings = {
				CODE_SIGN_STYLE = Automatic;
				DEVELOPMENT_TEAM = XC5W5WJCHA;
				ENABLE_HARDENED_RUNTIME = YES;
				PRODUCT_NAME = "$(TARGET_NAME)";
			};
			name = Release;
		};
/* End XCBuildConfiguration section */

/* Begin XCConfigurationList section */
		F537F86928A35F9200A71B6D /* Build configuration list for PBXProject "BytedanceHomework" */ = {
			isa = XCConfigurationList;
			buildConfigurations = (
				F537F87328A35F9200A71B6D /* Debug */,
				F537F87428A35F9200A71B6D /* Release */,
			);
			defaultConfigurationIsVisible = 0;
			defaultConfigurationName = Release;
		};
		F537F87528A35F9200A71B6D /* Build configuration list for PBXNativeTarget "BytedanceHomework" */ = {
			isa = XCConfigurationList;
			buildConfigurations = (
				F537F87628A35F9200A71B6D /* Debug */,
				F537F87728A35F9200A71B6D /* Release */,
			);
			defaultConfigurationIsVisible = 0;
			defaultConfigurationName = Release;
		};
/* End XCConfigurationList section */
	};
	rootObject = F537F86628A35F9200A71B6D /* Project object */;
}
